
Microsoft Visual Studio Solution File, Format Version 12.00
# Visual Studio Version 16
VisualStudioVersion = 16.0.30717.126
MinimumVisualStudioVersion = 10.0.40219.1
Project("{FAE04EC0-301F-11D3-BF4B-00C04F79EFBC}") = "Helper", "Helper\Helper.csproj", "{9BC85717-2427-4C5E-ADE6-5F0C71464D44}"
EndProject
Project("{FAE04EC0-301F-11D3-BF4B-00C04F79EFBC}") = "Task1", "Task1\Task1.csproj", "{538D53CD-5F69-4F38-A019-5372D4FF154D}"
EndProject
Project("{FAE04EC0-301F-11D3-BF4B-00C04F79EFBC}") = "Task2", "Task2\Task2.csproj", "{6F1C928C-9FEF-4BE6-A5F7-106819B630B6}"
EndProject
Project("{FAE04EC0-301F-11D3-BF4B-00C04F79EFBC}") = "Task3", "Task3\Task3.csproj", "{121514AB-4240-4F9E-9796-5FE1FC6F94D7}"
EndProject
Project("{FAE04EC0-301F-11D3-BF4B-00C04F79EFBC}") = "Task4", "Task4\Task4.csproj", "{9F802253-7F53-4EDB-8634-AA4F17D032D7}"
EndProject
Project("{FAE04EC0-301F-11D3-BF4B-00C04F79EFBC}") = "Task5", "Task5\Task5.csproj", "{FCFA99B2-C99A-4A89-A569-B0040C1376D7}"
EndProject
Global
	GlobalSection(SolutionConfigurationPlatforms) = preSolution
		Debug|Any CPU = Debug|Any CPU
		Release|Any CPU = Release|Any CPU
	EndGlobalSection
	GlobalSection(ProjectConfigurationPlatforms) = postSolution
		{9BC85717-2427-4C5E-ADE6-5F0C71464D44}.Debug|Any CPU.ActiveCfg = Debug|Any CPU
		{9BC85717-2427-4C5E-ADE6-5F0C71464D44}.Debug|Any CPU.Build.0 = Debug|Any CPU
		{9BC85717-2427-4C5E-ADE6-5F0C71464D44}.Release|Any CPU.ActiveCfg = Release|Any CPU
		{9BC85717-2427-4C5E-ADE6-5F0C71464D44}.Release|Any CPU.Build.0 = Release|Any CPU
		{538D53CD-5F69-4F38-A019-5372D4FF154D}.Debug|Any CPU.ActiveCfg = Debug|Any CPU
		{538D53CD-5F69-4F38-A019-5372D4FF154D}.Debug|Any CPU.Build.0 = Debug|Any CPU
		{538D53CD-5F69-4F38-A019-5372D4FF154D}.Release|Any CPU.ActiveCfg = Release|Any CPU
		{538D53CD-5F69-4F38-A019-5372D4FF154D}.Release|Any CPU.Build.0 = Release|Any CPU
		{6F1C928C-9FEF-4BE6-A5F7-106819B630B6}.Debug|Any CPU.ActiveCfg = Debug|Any CPU
		{6F1C928C-9FEF-4BE6-A5F7-106819B630B6}.Debug|Any CPU.Build.0 = Debug|Any CPU
		{6F1C928C-9FEF-4BE6-A5F7-106819B630B6}.Release|Any CPU.ActiveCfg = Release|Any CPU
		{6F1C928C-9FEF-4BE6-A5F7-106819B630B6}.Release|Any CPU.Build.0 = Release|Any CPU
		{121514AB-4240-4F9E-9796-5FE1FC6F94D7}.Debug|Any CPU.ActiveCfg = Debug|Any CPU
		{121514AB-4240-4F9E-9796-5FE1FC6F94D7}.Debug|Any CPU.Build.0 = Debug|Any CPU
		{121514AB-4240-4F9E-9796-5FE1FC6F94D7}.Release|Any CPU.ActiveCfg = Release|Any CPU
		{121514AB-4240-4F9E-9796-5FE1FC6F94D7}.Release|Any CPU.Build.0 = Release|Any CPU
		{9F802253-7F53-4EDB-8634-AA4F17D032D7}.Debug|Any CPU.ActiveCfg = Debug|Any CPU
		{9F802253-7F53-4EDB-8634-AA4F17D032D7}.Debug|Any CPU.Build.0 = Debug|Any CPU
		{9F802253-7F53-4EDB-8634-AA4F17D032D7}.Release|Any CPU.ActiveCfg = Release|Any CPU
		{9F802253-7F53-4EDB-8634-AA4F17D032D7}.Release|Any CPU.Build.0 = Release|Any CPU
		{FCFA99B2-C99A-4A89-A569-B0040C1376D7}.Debug|Any CPU.ActiveCfg = Debug|Any CPU
		{FCFA99B2-C99A-4A89-A569-B0040C1376D7}.Debug|Any CPU.Build.0 = Debug|Any CPU
		{FCFA99B2-C99A-4A89-A569-B0040C1376D7}.Release|Any CPU.ActiveCfg = Release|Any CPU
		{FCFA99B2-C99A-4A89-A569-B0040C1376D7}.Release|Any CPU.Build.0 = Release|Any CPU
	EndGlobalSection
	GlobalSection(SolutionProperties) = preSolution
		HideSolutionNode = FALSE
	EndGlobalSection
	GlobalSection(ExtensibilityGlobals) = postSolution
		SolutionGuid = {8738715F-52A1-43E8-A4C8-709FE5D90B55}
	EndGlobalSection
EndGlobal
