
Microsoft Visual Studio Solution File, Format Version 12.00
# Visual Studio Version 16
VisualStudioVersion = 16.0.30717.126
MinimumVisualStudioVersion = 10.0.40219.1
Project("{FAE04EC0-301F-11D3-BF4B-00C04F79EFBC}") = "Helper", "HomeWork3\Helper.csproj", "{9BC85717-2427-4C5E-ADE6-5F0C71464D44}"
EndProject
Project("{FAE04EC0-301F-11D3-BF4B-00C04F79EFBC}") = "Task1", "Task1\Task1.csproj", "{CB392662-4282-4972-86D3-DDDFFA7D512E}"
EndProject
Project("{FAE04EC0-301F-11D3-BF4B-00C04F79EFBC}") = "Task2", "Task2\Task2.csproj", "{34B2C2A7-4E30-4354-A36E-36931A455D46}"
EndProject
Project("{FAE04EC0-301F-11D3-BF4B-00C04F79EFBC}") = "Task3", "Task3\Task3.csproj", "{573F56FE-7D25-4F1E-9481-9969D867ABDB}"
EndProject
Global
	GlobalSection(SolutionConfigurationPlatforms) = preSolution
		Debug|Any CPU = Debug|Any CPU
		Release|Any CPU = Release|Any CPU
	EndGlobalSection
	GlobalSection(ProjectConfigurationPlatforms) = postSolution
		{9BC85717-2427-4C5E-ADE6-5F0C71464D44}.Debug|Any CPU.ActiveCfg = Debug|Any CPU
		{9BC85717-2427-4C5E-ADE6-5F0C71464D44}.Debug|Any CPU.Build.0 = Debug|Any CPU
		{9BC85717-2427-4C5E-ADE6-5F0C71464D44}.Release|Any CPU.ActiveCfg = Release|Any CPU
		{9BC85717-2427-4C5E-ADE6-5F0C71464D44}.Release|Any CPU.Build.0 = Release|Any CPU
		{CB392662-4282-4972-86D3-DDDFFA7D512E}.Debug|Any CPU.ActiveCfg = Debug|Any CPU
		{CB392662-4282-4972-86D3-DDDFFA7D512E}.Debug|Any CPU.Build.0 = Debug|Any CPU
		{CB392662-4282-4972-86D3-DDDFFA7D512E}.Release|Any CPU.ActiveCfg = Release|Any CPU
		{CB392662-4282-4972-86D3-DDDFFA7D512E}.Release|Any CPU.Build.0 = Release|Any CPU
		{34B2C2A7-4E30-4354-A36E-36931A455D46}.Debug|Any CPU.ActiveCfg = Debug|Any CPU
		{34B2C2A7-4E30-4354-A36E-36931A455D46}.Debug|Any CPU.Build.0 = Debug|Any CPU
		{34B2C2A7-4E30-4354-A36E-36931A455D46}.Release|Any CPU.ActiveCfg = Release|Any CPU
		{34B2C2A7-4E30-4354-A36E-36931A455D46}.Release|Any CPU.Build.0 = Release|Any CPU
		{573F56FE-7D25-4F1E-9481-9969D867ABDB}.Debug|Any CPU.ActiveCfg = Debug|Any CPU
		{573F56FE-7D25-4F1E-9481-9969D867ABDB}.Debug|Any CPU.Build.0 = Debug|Any CPU
		{573F56FE-7D25-4F1E-9481-9969D867ABDB}.Release|Any CPU.ActiveCfg = Release|Any CPU
		{573F56FE-7D25-4F1E-9481-9969D867ABDB}.Release|Any CPU.Build.0 = Release|Any CPU
	EndGlobalSection
	GlobalSection(SolutionProperties) = preSolution
		HideSolutionNode = FALSE
	EndGlobalSection
	GlobalSection(ExtensibilityGlobals) = postSolution
		SolutionGuid = {AE31065C-E29F-4D5A-A288-1EC2563D18BE}
	EndGlobalSection
EndGlobal
