
Microsoft Visual Studio Solution File, Format Version 12.00
# Visual Studio Version 16
VisualStudioVersion = 16.0.30717.126
MinimumVisualStudioVersion = 10.0.40219.1
Project("{FAE04EC0-301F-11D3-BF4B-00C04F79EFBC}") = "Task1", "Task1\Task1.csproj", "{E9110130-6061-47AE-A80F-F36096342D97}"
EndProject
Project("{FAE04EC0-301F-11D3-BF4B-00C04F79EFBC}") = "HomeHelper", "HomeHelper\HomeHelper.csproj", "{3587F052-A6A9-4D39-9AA0-1C2E9F4758C5}"
EndProject
Project("{FAE04EC0-301F-11D3-BF4B-00C04F79EFBC}") = "Task2", "Task2\Task2.csproj", "{75FE60D4-2326-47B1-81EB-D701C1157CCA}"
EndProject
Project("{FAE04EC0-301F-11D3-BF4B-00C04F79EFBC}") = "Task3", "Task3\Task3.csproj", "{4FBF16E7-ECBE-4FBB-80D5-7A521CCB0A8A}"
EndProject
Project("{FAE04EC0-301F-11D3-BF4B-00C04F79EFBC}") = "Task4", "Task4\Task4.csproj", "{C1FE59C1-1961-44FF-9DF7-E80ED2DD190E}"
EndProject
Project("{FAE04EC0-301F-11D3-BF4B-00C04F79EFBC}") = "Task5", "Task5\Task5.csproj", "{FC59A82F-7535-4637-A941-B8E8612FB2E9}"
EndProject
Project("{FAE04EC0-301F-11D3-BF4B-00C04F79EFBC}") = "Task6", "Task6\Task6.csproj", "{26D58351-8C2F-49B5-B617-48B9E1F425D3}"
EndProject
Project("{FAE04EC0-301F-11D3-BF4B-00C04F79EFBC}") = "Task7", "Task7\Task7.csproj", "{78249BDC-1B16-4C9F-B11C-3D084EE343EA}"
EndProject
Global
	GlobalSection(SolutionConfigurationPlatforms) = preSolution
		Debug|Any CPU = Debug|Any CPU
		Release|Any CPU = Release|Any CPU
	EndGlobalSection
	GlobalSection(ProjectConfigurationPlatforms) = postSolution
		{E9110130-6061-47AE-A80F-F36096342D97}.Debug|Any CPU.ActiveCfg = Debug|Any CPU
		{E9110130-6061-47AE-A80F-F36096342D97}.Debug|Any CPU.Build.0 = Debug|Any CPU
		{E9110130-6061-47AE-A80F-F36096342D97}.Release|Any CPU.ActiveCfg = Release|Any CPU
		{E9110130-6061-47AE-A80F-F36096342D97}.Release|Any CPU.Build.0 = Release|Any CPU
		{3587F052-A6A9-4D39-9AA0-1C2E9F4758C5}.Debug|Any CPU.ActiveCfg = Debug|Any CPU
		{3587F052-A6A9-4D39-9AA0-1C2E9F4758C5}.Debug|Any CPU.Build.0 = Debug|Any CPU
		{3587F052-A6A9-4D39-9AA0-1C2E9F4758C5}.Release|Any CPU.ActiveCfg = Release|Any CPU
		{3587F052-A6A9-4D39-9AA0-1C2E9F4758C5}.Release|Any CPU.Build.0 = Release|Any CPU
		{75FE60D4-2326-47B1-81EB-D701C1157CCA}.Debug|Any CPU.ActiveCfg = Debug|Any CPU
		{75FE60D4-2326-47B1-81EB-D701C1157CCA}.Debug|Any CPU.Build.0 = Debug|Any CPU
		{75FE60D4-2326-47B1-81EB-D701C1157CCA}.Release|Any CPU.ActiveCfg = Release|Any CPU
		{75FE60D4-2326-47B1-81EB-D701C1157CCA}.Release|Any CPU.Build.0 = Release|Any CPU
		{4FBF16E7-ECBE-4FBB-80D5-7A521CCB0A8A}.Debug|Any CPU.ActiveCfg = Debug|Any CPU
		{4FBF16E7-ECBE-4FBB-80D5-7A521CCB0A8A}.Debug|Any CPU.Build.0 = Debug|Any CPU
		{4FBF16E7-ECBE-4FBB-80D5-7A521CCB0A8A}.Release|Any CPU.ActiveCfg = Release|Any CPU
		{4FBF16E7-ECBE-4FBB-80D5-7A521CCB0A8A}.Release|Any CPU.Build.0 = Release|Any CPU
		{C1FE59C1-1961-44FF-9DF7-E80ED2DD190E}.Debug|Any CPU.ActiveCfg = Debug|Any CPU
		{C1FE59C1-1961-44FF-9DF7-E80ED2DD190E}.Debug|Any CPU.Build.0 = Debug|Any CPU
		{C1FE59C1-1961-44FF-9DF7-E80ED2DD190E}.Release|Any CPU.ActiveCfg = Release|Any CPU
		{C1FE59C1-1961-44FF-9DF7-E80ED2DD190E}.Release|Any CPU.Build.0 = Release|Any CPU
		{FC59A82F-7535-4637-A941-B8E8612FB2E9}.Debug|Any CPU.ActiveCfg = Debug|Any CPU
		{FC59A82F-7535-4637-A941-B8E8612FB2E9}.Debug|Any CPU.Build.0 = Debug|Any CPU
		{FC59A82F-7535-4637-A941-B8E8612FB2E9}.Release|Any CPU.ActiveCfg = Release|Any CPU
		{FC59A82F-7535-4637-A941-B8E8612FB2E9}.Release|Any CPU.Build.0 = Release|Any CPU
		{26D58351-8C2F-49B5-B617-48B9E1F425D3}.Debug|Any CPU.ActiveCfg = Debug|Any CPU
		{26D58351-8C2F-49B5-B617-48B9E1F425D3}.Debug|Any CPU.Build.0 = Debug|Any CPU
		{26D58351-8C2F-49B5-B617-48B9E1F425D3}.Release|Any CPU.ActiveCfg = Release|Any CPU
		{26D58351-8C2F-49B5-B617-48B9E1F425D3}.Release|Any CPU.Build.0 = Release|Any CPU
		{78249BDC-1B16-4C9F-B11C-3D084EE343EA}.Debug|Any CPU.ActiveCfg = Debug|Any CPU
		{78249BDC-1B16-4C9F-B11C-3D084EE343EA}.Debug|Any CPU.Build.0 = Debug|Any CPU
		{78249BDC-1B16-4C9F-B11C-3D084EE343EA}.Release|Any CPU.ActiveCfg = Release|Any CPU
		{78249BDC-1B16-4C9F-B11C-3D084EE343EA}.Release|Any CPU.Build.0 = Release|Any CPU
	EndGlobalSection
	GlobalSection(SolutionProperties) = preSolution
		HideSolutionNode = FALSE
	EndGlobalSection
	GlobalSection(ExtensibilityGlobals) = postSolution
		SolutionGuid = {FFAC0F40-1E79-4ED9-B059-14C9301271D9}
	EndGlobalSection
EndGlobal
